
Microsoft Visual Studio Solution File, Format Version 12.00
# Visual Studio Version 17
VisualStudioVersion = 17.4.33110.190
MinimumVisualStudioVersion = 10.0.40219.1
Project("{FAE04EC0-301F-11D3-BF4B-00C04F79EFBC}") = "TestProject", "TestProject\TestProject.csproj", "{D5FBC7FC-03B1-4A7D-B5E9-D5A8E828C141}"
EndProject
Global
	GlobalSection(SolutionConfigurationPlatforms) = preSolution
		Debug|Any CPU = Debug|Any CPU
		Release|Any CPU = Release|Any CPU
	EndGlobalSection
	GlobalSection(ProjectConfigurationPlatforms) = postSolution
		{D5FBC7FC-03B1-4A7D-B5E9-D5A8E828C141}.Debug|Any CPU.ActiveCfg = Debug|Any CPU
		{D5FBC7FC-03B1-4A7D-B5E9-D5A8E828C141}.Debug|Any CPU.Build.0 = Debug|Any CPU
		{D5FBC7FC-03B1-4A7D-B5E9-D5A8E828C141}.Release|Any CPU.ActiveCfg = Release|Any CPU
		{D5FBC7FC-03B1-4A7D-B5E9-D5A8E828C141}.Release|Any CPU.Build.0 = Release|Any CPU
	EndGlobalSection
	GlobalSection(SolutionProperties) = preSolution
		HideSolutionNode = FALSE
	EndGlobalSection
	GlobalSection(ExtensibilityGlobals) = postSolution
		SolutionGuid = {4591CAD1-40C6-4EA7-AFA3-270E72192083}
	EndGlobalSection
EndGlobal
